
Microsoft Visual Studio Solution File, Format Version 12.00
# Visual Studio Version 16
VisualStudioVersion = 16.0.30711.63
MinimumVisualStudioVersion = 10.0.40219.1
Project("{FAE04EC0-301F-11D3-BF4B-00C04F79EFBC}") = "dice-roller", "dice-roller\dice-roller.csproj", "{A150A3B1-34A8-4A16-A727-1C09A5DA378C}"
EndProject
Global
	GlobalSection(SolutionConfigurationPlatforms) = preSolution
		Debug|Any CPU = Debug|Any CPU
		Release|Any CPU = Release|Any CPU
	EndGlobalSection
	GlobalSection(ProjectConfigurationPlatforms) = postSolution
		{A150A3B1-34A8-4A16-A727-1C09A5DA378C}.Debug|Any CPU.ActiveCfg = Debug|Any CPU
		{A150A3B1-34A8-4A16-A727-1C09A5DA378C}.Debug|Any CPU.Build.0 = Debug|Any CPU
		{A150A3B1-34A8-4A16-A727-1C09A5DA378C}.Release|Any CPU.ActiveCfg = Release|Any CPU
		{A150A3B1-34A8-4A16-A727-1C09A5DA378C}.Release|Any CPU.Build.0 = Release|Any CPU
	EndGlobalSection
	GlobalSection(SolutionProperties) = preSolution
		HideSolutionNode = FALSE
	EndGlobalSection
	GlobalSection(ExtensibilityGlobals) = postSolution
		SolutionGuid = {095A3AE9-3A1A-4095-8649-2F866958596F}
	EndGlobalSection
EndGlobal
